<?xml version="1.0" encoding="utf-8"?>
<Project ToolsVersion="4.0" xmlns="http://schemas.microsoft.com/developer/msbuild/2003">
  <ItemGroup>
    <Filter Include="Atmos">
      <UniqueIdentifier>{95986d2c-2b73-432e-b238-968d85707e48}</UniqueIdentifier>
    </Filter>
    <Filter Include="MainEntry">
      <UniqueIdentifier>{9c4a0a4a-432a-44c4-80dd-1c3079816d85}</UniqueIdentifier>
    </Filter>
  </ItemGroup>
  <ItemGroup>
    <ClCompile Include="main.cpp">
      <Filter>MainEntry</Filter>
    </ClCompile>
    <ClCompile Include="Atmos.cpp">
      <Filter>Atmos</Filter>
    </ClCompile>
  </ItemGroup>
  <ItemGroup>
    <ClInclude Include="Atmos.h">
      <Filter>Atmos</Filter>
    </ClInclude>
  </ItemGroup>
</Project>