
Microsoft Visual Studio Solution File, Format Version 12.00
# Visual Studio Version 17
VisualStudioVersion = 17.14.36414.22
MinimumVisualStudioVersion = 10.0.40219.1
Project("{2150E333-8FDC-42A3-9474-1A3956D46DE8}") = "Common", "Common", "{8EC462FD-D22E-90A8-E5CE-7E832BA40C5D}"
EndProject
Project("{8BC9CEB8-8B4A-11D0-8D11-00A0C91BC942}") = "RendererD3D12", "RendererD3D12\RendererD3D12.vcxproj", "{9940C86E-1844-443F-8093-36D1D27079FE}"
EndProject
Project("{8BC9CEB8-8B4A-11D0-8D11-00A0C91BC942}") = "Common", "Common\Common.vcxitems", "{0E9E6483-1F78-4ECB-97E5-8190D43664EE}"
EndProject
Project("{8BC9CEB8-8B4A-11D0-8D11-00A0C91BC942}") = "Interface", "Interface\Interface.vcxitems", "{2BBE3EB4-ADC2-4536-98D0-B608C078A2DE}"
EndProject
Project("{2150E333-8FDC-42A3-9474-1A3956D46DE8}") = "App", "App", "{02EA681E-C7D8-13C7-8484-4AC65E1B71E8}"
EndProject
Project("{2150E333-8FDC-42A3-9474-1A3956D46DE8}") = "Core", "Core", "{09C0A873-DEAE-440D-A9DF-2196C23D296E}"
EndProject
Project("{2150E333-8FDC-42A3-9474-1A3956D46DE8}") = "VSProperty", "VSProperty", "{81211631-D529-4FB8-B559-1F45D3FF7569}"
	ProjectSection(SolutionItems) = preProject
		common.props = common.props
	EndProjectSection
EndProject
Project("{2150E333-8FDC-42A3-9474-1A3956D46DE8}") = "Shaders", "Shaders", "{3D13AE0B-E4C8-4E30-84DC-10700AA71E78}"
	ProjectSection(SolutionItems) = preProject
		Shaders\ProceduralSky.hlsl = Shaders\ProceduralSky.hlsl
		Shaders\Sprite.hlsl = Shaders\Sprite.hlsl
		Shaders\Standard.hlsl = Shaders\Standard.hlsl
	EndProjectSection
EndProject
Project("{2150E333-8FDC-42A3-9474-1A3956D46DE8}") = "Graphics", "Graphics", "{F28961A5-971B-471F-891F-048670ADAC37}"
EndProject
Project("{8BC9CEB8-8B4A-11D0-8D11-00A0C91BC942}") = "HelloFlecs", "HelloFlecs\HelloFlecs.vcxproj", "{ACEC1E29-AF57-49EC-A284-9E8FF2F6EE90}"
EndProject
Project("{8BC9CEB8-8B4A-11D0-8D11-00A0C91BC942}") = "Geometry", "Geometry\Geometry.vcxproj", "{98A0940B-1A79-4001-9C8D-79F0C68E8CEA}"
EndProject
Global
	GlobalSection(SolutionConfigurationPlatforms) = preSolution
		Debug|x64 = Debug|x64
		Debug|x86 = Debug|x86
		Release|x64 = Release|x64
		Release|x86 = Release|x86
	EndGlobalSection
	GlobalSection(ProjectConfigurationPlatforms) = postSolution
		{9940C86E-1844-443F-8093-36D1D27079FE}.Debug|x64.ActiveCfg = Debug|x64
		{9940C86E-1844-443F-8093-36D1D27079FE}.Debug|x64.Build.0 = Debug|x64
		{9940C86E-1844-443F-8093-36D1D27079FE}.Debug|x86.ActiveCfg = Debug|Win32
		{9940C86E-1844-443F-8093-36D1D27079FE}.Debug|x86.Build.0 = Debug|Win32
		{9940C86E-1844-443F-8093-36D1D27079FE}.Release|x64.ActiveCfg = Release|x64
		{9940C86E-1844-443F-8093-36D1D27079FE}.Release|x64.Build.0 = Release|x64
		{9940C86E-1844-443F-8093-36D1D27079FE}.Release|x86.ActiveCfg = Release|Win32
		{9940C86E-1844-443F-8093-36D1D27079FE}.Release|x86.Build.0 = Release|Win32
		{ACEC1E29-AF57-49EC-A284-9E8FF2F6EE90}.Debug|x64.ActiveCfg = Debug|x64
		{ACEC1E29-AF57-49EC-A284-9E8FF2F6EE90}.Debug|x64.Build.0 = Debug|x64
		{ACEC1E29-AF57-49EC-A284-9E8FF2F6EE90}.Debug|x86.ActiveCfg = Debug|Win32
		{ACEC1E29-AF57-49EC-A284-9E8FF2F6EE90}.Debug|x86.Build.0 = Debug|Win32
		{ACEC1E29-AF57-49EC-A284-9E8FF2F6EE90}.Release|x64.ActiveCfg = Release|x64
		{ACEC1E29-AF57-49EC-A284-9E8FF2F6EE90}.Release|x64.Build.0 = Release|x64
		{ACEC1E29-AF57-49EC-A284-9E8FF2F6EE90}.Release|x86.ActiveCfg = Release|Win32
		{ACEC1E29-AF57-49EC-A284-9E8FF2F6EE90}.Release|x86.Build.0 = Release|Win32
		{98A0940B-1A79-4001-9C8D-79F0C68E8CEA}.Debug|x64.ActiveCfg = Debug|x64
		{98A0940B-1A79-4001-9C8D-79F0C68E8CEA}.Debug|x64.Build.0 = Debug|x64
		{98A0940B-1A79-4001-9C8D-79F0C68E8CEA}.Debug|x86.ActiveCfg = Debug|Win32
		{98A0940B-1A79-4001-9C8D-79F0C68E8CEA}.Debug|x86.Build.0 = Debug|Win32
		{98A0940B-1A79-4001-9C8D-79F0C68E8CEA}.Release|x64.ActiveCfg = Release|x64
		{98A0940B-1A79-4001-9C8D-79F0C68E8CEA}.Release|x64.Build.0 = Release|x64
		{98A0940B-1A79-4001-9C8D-79F0C68E8CEA}.Release|x86.ActiveCfg = Release|Win32
		{98A0940B-1A79-4001-9C8D-79F0C68E8CEA}.Release|x86.Build.0 = Release|Win32
	EndGlobalSection
	GlobalSection(SolutionProperties) = preSolution
		HideSolutionNode = FALSE
	EndGlobalSection
	GlobalSection(NestedProjects) = preSolution
		{9940C86E-1844-443F-8093-36D1D27079FE} = {F28961A5-971B-471F-891F-048670ADAC37}
		{0E9E6483-1F78-4ECB-97E5-8190D43664EE} = {8EC462FD-D22E-90A8-E5CE-7E832BA40C5D}
		{2BBE3EB4-ADC2-4536-98D0-B608C078A2DE} = {8EC462FD-D22E-90A8-E5CE-7E832BA40C5D}
		{3D13AE0B-E4C8-4E30-84DC-10700AA71E78} = {F28961A5-971B-471F-891F-048670ADAC37}
		{F28961A5-971B-471F-891F-048670ADAC37} = {09C0A873-DEAE-440D-A9DF-2196C23D296E}
		{ACEC1E29-AF57-49EC-A284-9E8FF2F6EE90} = {02EA681E-C7D8-13C7-8484-4AC65E1B71E8}
		{98A0940B-1A79-4001-9C8D-79F0C68E8CEA} = {09C0A873-DEAE-440D-A9DF-2196C23D296E}
	EndGlobalSection
	GlobalSection(ExtensibilityGlobals) = postSolution
		SolutionGuid = {9AF6924D-97FC-40C0-AFB6-2880A2729152}
	EndGlobalSection
	GlobalSection(SharedMSBuildProjectFiles) = preSolution
		Common\Common.vcxitems*{0e9e6483-1f78-4ecb-97e5-8190d43664ee}*SharedItemsImports = 9
		Interface\Interface.vcxitems*{2bbe3eb4-adc2-4536-98d0-b608c078a2de}*SharedItemsImports = 9
		Common\Common.vcxitems*{9940c86e-1844-443f-8093-36d1d27079fe}*SharedItemsImports = 4
		Interface\Interface.vcxitems*{9940c86e-1844-443f-8093-36d1d27079fe}*SharedItemsImports = 4
		Common\Common.vcxitems*{acec1e29-af57-49ec-a284-9e8ff2f6ee90}*SharedItemsImports = 4
		Interface\Interface.vcxitems*{acec1e29-af57-49ec-a284-9e8ff2f6ee90}*SharedItemsImports = 4
	EndGlobalSection
EndGlobal
