<?xml version="1.0" encoding="utf-8"?>
<Project ToolsVersion="4.0" xmlns="http://schemas.microsoft.com/developer/msbuild/2003">
  <ItemGroup>
    <Filter Include="pch">
      <UniqueIdentifier>{93995380-89BD-4b04-88EB-625FBE52EBFB}</UniqueIdentifier>
      <Extensions>h;hh;hpp;hxx;h++;hm;inl;inc;ipp;xsd</Extensions>
    </Filter>
    <Filter Include="Material">
      <UniqueIdentifier>{4FC737F1-C7A5-4376-A066-2A32D752A2FF}</UniqueIdentifier>
      <Extensions>cpp;c;cc;cxx;c++;cppm;ixx;def;odl;idl;hpj;bat;asm;asmx</Extensions>
    </Filter>
    <Filter Include="StaticMesh">
      <UniqueIdentifier>{d864ccf9-521d-4b26-a61c-06309369367a}</UniqueIdentifier>
    </Filter>
    <Filter Include="Vertex">
      <UniqueIdentifier>{da3c5d1c-7c94-4aff-801c-b62e16bd2ace}</UniqueIdentifier>
    </Filter>
    <Filter Include="Sphere">
      <UniqueIdentifier>{0513cd81-41d6-44ae-974b-e4541facea82}</UniqueIdentifier>
    </Filter>
    <Filter Include="VolumeCubq">
      <UniqueIdentifier>{1e78bd72-9901-4881-b3e0-458177b761cc}</UniqueIdentifier>
    </Filter>
    <Filter Include="VolumeCubq\Trace">
      <UniqueIdentifier>{484e9c24-3537-40aa-a741-8d4e2acb6f4f}</UniqueIdentifier>
    </Filter>
    <Filter Include="SDF">
      <UniqueIdentifier>{faeba68f-93a2-4a8d-8593-3f37522924e4}</UniqueIdentifier>
    </Filter>
    <Filter Include="Voxels">
      <UniqueIdentifier>{d6852e8a-459b-497c-865d-0c3794912eca}</UniqueIdentifier>
    </Filter>
    <Filter Include="Voxels\Volume">
      <UniqueIdentifier>{e8d2a0bb-4ff5-422c-9e2d-962a801785c6}</UniqueIdentifier>
    </Filter>
    <Filter Include="Voxels\BrickPool">
      <UniqueIdentifier>{4c99b04d-40e2-4a45-93df-652ad1f5243f}</UniqueIdentifier>
    </Filter>
  </ItemGroup>
  <ItemGroup>
    <ClInclude Include="pch.h">
      <Filter>pch</Filter>
    </ClInclude>
    <ClInclude Include="StaticMesh.h">
      <Filter>StaticMesh</Filter>
    </ClInclude>
    <ClInclude Include="Material.h">
      <Filter>Material</Filter>
    </ClInclude>
    <ClInclude Include="Vertex.h">
      <Filter>Vertex</Filter>
    </ClInclude>
    <ClInclude Include="Geometry.h" />
    <ClInclude Include="Sphere.h">
      <Filter>Sphere</Filter>
    </ClInclude>
    <ClInclude Include="VolumeCubq.h">
      <Filter>VolumeCubq</Filter>
    </ClInclude>
    <ClInclude Include="TraceVolumeCubq.h">
      <Filter>VolumeCubq\Trace</Filter>
    </ClInclude>
    <ClInclude Include="Volume.h">
      <Filter>Voxels\Volume</Filter>
    </ClInclude>
    <ClInclude Include="SDF.h">
      <Filter>SDF</Filter>
    </ClInclude>
    <ClInclude Include="BrickPool.h">
      <Filter>Voxels\BrickPool</Filter>
    </ClInclude>
  </ItemGroup>
  <ItemGroup>
    <ClCompile Include="pch.cpp">
      <Filter>pch</Filter>
    </ClCompile>
    <ClCompile Include="StaticMesh.cpp">
      <Filter>StaticMesh</Filter>
    </ClCompile>
    <ClCompile Include="VolumeCubq.cpp">
      <Filter>VolumeCubq</Filter>
    </ClCompile>
    <ClCompile Include="TraceVolumeCubq.cpp">
      <Filter>VolumeCubq\Trace</Filter>
    </ClCompile>
    <ClCompile Include="Volume.cpp">
      <Filter>Voxels\Volume</Filter>
    </ClCompile>
    <ClCompile Include="BrickPool.cpp">
      <Filter>Voxels\BrickPool</Filter>
    </ClCompile>
  </ItemGroup>
</Project>