<?xml version="1.0" encoding="utf-8"?>
<Project ToolsVersion="4.0" xmlns="http://schemas.microsoft.com/developer/msbuild/2003">
  <ItemGroup>
    <ClCompile Include="$(MSBuildThisFileDirectory)IndexCreator.cpp">
      <Filter>IndexCreator</Filter>
    </ClCompile>
    <ClCompile Include="$(MSBuildThisFileDirectory)ProcessorInfo.cpp">
      <Filter>ProcessorInfo</Filter>
    </ClCompile>
    <ClCompile Include="$(MSBuildThisFileDirectory)QueryPerfCounter .cpp">
      <Filter>QueryPerfCounter</Filter>
    </ClCompile>
    <ClCompile Include="$(MSBuildThisFileDirectory)VertexUtil.cpp">
      <Filter>VertexUtil</Filter>
    </ClCompile>
    <ClCompile Include="$(MSBuildThisFileDirectory)WriteDebugString.cpp">
      <Filter>WriteDebugString</Filter>
    </ClCompile>
  </ItemGroup>
  <ItemGroup>
    <ClInclude Include="$(MSBuildThisFileDirectory)IndexCreator.h">
      <Filter>IndexCreator</Filter>
    </ClInclude>
    <ClInclude Include="$(MSBuildThisFileDirectory)ProcessorInfo.h">
      <Filter>ProcessorInfo</Filter>
    </ClInclude>
    <ClInclude Include="$(MSBuildThisFileDirectory)QueryPerfCounter.h">
      <Filter>QueryPerfCounter</Filter>
    </ClInclude>
    <ClInclude Include="$(MSBuildThisFileDirectory)VertexUtil.h">
      <Filter>VertexUtil</Filter>
    </ClInclude>
    <ClInclude Include="$(MSBuildThisFileDirectory)WriteDebugString.h">
      <Filter>WriteDebugString</Filter>
    </ClInclude>
  </ItemGroup>
  <ItemGroup>
    <Filter Include="IndexCreator">
      <UniqueIdentifier>{4fb718bb-ad13-4f39-8bf0-b497d4d11914}</UniqueIdentifier>
    </Filter>
    <Filter Include="ProcessorInfo">
      <UniqueIdentifier>{3213d4e8-5d82-4daf-8776-ab8ba99db0d7}</UniqueIdentifier>
    </Filter>
    <Filter Include="QueryPerfCounter">
      <UniqueIdentifier>{846e769d-ac9b-480b-a651-af65e3733691}</UniqueIdentifier>
    </Filter>
    <Filter Include="VertexUtil">
      <UniqueIdentifier>{15d49264-b3b4-49cd-ad11-628286a51a51}</UniqueIdentifier>
    </Filter>
    <Filter Include="WriteDebugString">
      <UniqueIdentifier>{df576679-94f7-48e9-8220-e8f52eb3ec0d}</UniqueIdentifier>
    </Filter>
  </ItemGroup>
</Project>