<?xml version="1.0" encoding="utf-8"?>
<Project ToolsVersion="4.0" xmlns="http://schemas.microsoft.com/developer/msbuild/2003">
  <ItemGroup>
    <Filter Include="Graphics">
      <UniqueIdentifier>{64cfafbd-ada4-4fd7-a37d-955cca98abbe}</UniqueIdentifier>
    </Filter>
    <Filter Include="Geometry">
      <UniqueIdentifier>{d5a9ff51-b30a-4660-b8e8-293fa694bf07}</UniqueIdentifier>
    </Filter>
    <Filter Include="Graphics\Renderer">
      <UniqueIdentifier>{fc2fe898-ed21-4e1e-8317-9b2db4dbd095}</UniqueIdentifier>
    </Filter>
    <Filter Include="Graphics\HfxBake">
      <UniqueIdentifier>{26a6794a-3ef9-4483-b2c2-8a909dd29cb8}</UniqueIdentifier>
    </Filter>
  </ItemGroup>
  <ItemGroup>
    <ClInclude Include="$(MSBuildThisFileDirectory)IGeometry.h">
      <Filter>Geometry</Filter>
    </ClInclude>
    <ClInclude Include="$(MSBuildThisFileDirectory)ERenderPassType.h">
      <Filter>Graphics\Renderer</Filter>
    </ClInclude>
    <ClInclude Include="$(MSBuildThisFileDirectory)IMeshObject.h">
      <Filter>Graphics\Renderer</Filter>
    </ClInclude>
    <ClInclude Include="$(MSBuildThisFileDirectory)IRenderer.h">
      <Filter>Graphics\Renderer</Filter>
    </ClInclude>
    <ClInclude Include="$(MSBuildThisFileDirectory)ISpriteObject.h">
      <Filter>Graphics\Renderer</Filter>
    </ClInclude>
    <ClInclude Include="$(MSBuildThisFileDirectory)IHfxBake.h">
      <Filter>Graphics\HfxBake</Filter>
    </ClInclude>
    <ClInclude Include="$(MSBuildThisFileDirectory)AtmosStruct.h">
      <Filter>Graphics\HfxBake</Filter>
    </ClInclude>
  </ItemGroup>
</Project>