<?xml version="1.0" encoding="utf-8"?>
<Project ToolsVersion="4.0" xmlns="http://schemas.microsoft.com/developer/msbuild/2003">
  <ItemGroup>
    <ClInclude Include="$(MSBuildThisFileDirectory)Common.h" />
    <ClInclude Include="$(MSBuildThisFileDirectory)ASSERT_MACRO.h">
      <Filter>Common</Filter>
    </ClInclude>
    <ClInclude Include="$(MSBuildThisFileDirectory)INTEGER_MACRO.h">
      <Filter>Common</Filter>
    </ClInclude>
    <ClInclude Include="$(MSBuildThisFileDirectory)SAFE_CLEAN_MACRO.h">
      <Filter>Common</Filter>
    </ClInclude>
  </ItemGroup>
  <ItemGroup>
    <Filter Include="Common">
      <UniqueIdentifier>{1a9c0303-aef2-4530-bbb4-fd39f0ec110b}</UniqueIdentifier>
    </Filter>
  </ItemGroup>
</Project>