<?xml version="1.0" encoding="utf-8"?>
<Project ToolsVersion="4.0" xmlns="http://schemas.microsoft.com/developer/msbuild/2003">
  <ItemGroup>
    <Filter Include="pch">
      <UniqueIdentifier>{93995380-89BD-4b04-88EB-625FBE52EBFB}</UniqueIdentifier>
      <Extensions>h;hh;hpp;hxx;h++;hm;inl;inc;ipp;xsd</Extensions>
    </Filter>
    <Filter Include="Util">
      <UniqueIdentifier>{d57ec159-daf7-43ae-862a-245f2831160d}</UniqueIdentifier>
    </Filter>
    <Filter Include="Util\D3DUtil">
      <UniqueIdentifier>{9049459b-95df-4055-b972-07e2a166034c}</UniqueIdentifier>
    </Filter>
    <Filter Include="Util\ShaderUtil">
      <UniqueIdentifier>{181abfd9-fcda-44be-9f8f-17ea3ccc1f16}</UniqueIdentifier>
    </Filter>
    <Filter Include="Common">
      <UniqueIdentifier>{390b3d6a-84a9-4123-a3cd-261feb64887e}</UniqueIdentifier>
    </Filter>
    <Filter Include="MainEntry">
      <UniqueIdentifier>{4FC737F1-C7A5-4376-A066-2A32D752A2FF}</UniqueIdentifier>
      <Extensions>cpp;c;cc;cxx;c++;cppm;ixx;def;odl;idl;hpj;bat;asm;asmx</Extensions>
    </Filter>
    <Filter Include="DirectXTex">
      <UniqueIdentifier>{1e677dd7-69c8-4960-8ff8-68752ee4517f}</UniqueIdentifier>
    </Filter>
    <Filter Include="RenderObject">
      <UniqueIdentifier>{d0eee5bf-99e9-4935-ac63-82ea9abbf95e}</UniqueIdentifier>
    </Filter>
    <Filter Include="RenderObject\BasicMeshObject">
      <UniqueIdentifier>{c61a707a-adb3-4338-ae58-3b941a439f80}</UniqueIdentifier>
    </Filter>
    <Filter Include="RenderObject\SpriteObject">
      <UniqueIdentifier>{2e99fa84-fd70-4677-a2ce-dac092ca3031}</UniqueIdentifier>
    </Filter>
    <Filter Include="RendererBody">
      <UniqueIdentifier>{36e3c172-a89b-400a-b1c4-f05059d523d8}</UniqueIdentifier>
    </Filter>
    <Filter Include="RenderObject\SkyObject">
      <UniqueIdentifier>{64f5cab6-6996-4702-9daf-94cf03f6f567}</UniqueIdentifier>
    </Filter>
    <Filter Include="RenderManager">
      <UniqueIdentifier>{29f24a36-763c-40a0-a5a8-4f9fb903916d}</UniqueIdentifier>
    </Filter>
    <Filter Include="RenderManager\CommandListPool">
      <UniqueIdentifier>{d8c45c20-4954-4b0e-adb4-18053fb67636}</UniqueIdentifier>
    </Filter>
    <Filter Include="RenderManager\ConstantBufferManager">
      <UniqueIdentifier>{f161d914-7be8-49de-a1d3-5ed9b506a5d1}</UniqueIdentifier>
    </Filter>
    <Filter Include="RenderManager\ConstantBufferPool">
      <UniqueIdentifier>{39a82c13-1f81-4a8c-b211-24b745b348cf}</UniqueIdentifier>
    </Filter>
    <Filter Include="RenderManager\DescriptorPool">
      <UniqueIdentifier>{1ce7939e-c873-4135-b5c8-057fc12f025d}</UniqueIdentifier>
    </Filter>
    <Filter Include="RenderManager\RenderQueue">
      <UniqueIdentifier>{e1f3a12a-bb25-4257-aea7-3f3113c2d984}</UniqueIdentifier>
    </Filter>
    <Filter Include="RenderManager\RenderThread">
      <UniqueIdentifier>{744e6f71-a51d-41b5-90a1-0fbc43644b0e}</UniqueIdentifier>
    </Filter>
    <Filter Include="RenderManager\SingleDescriptorAllocator">
      <UniqueIdentifier>{2236ad53-e530-4c2d-b146-77cd7e2bd974}</UniqueIdentifier>
    </Filter>
    <Filter Include="RenderManager\TextureManager">
      <UniqueIdentifier>{fdc25b76-8794-4341-94de-0cb85528e1d3}</UniqueIdentifier>
    </Filter>
    <Filter Include="RenderManager\FontManager">
      <UniqueIdentifier>{23d1ed8d-7142-41b6-9220-46f4879c6ae3}</UniqueIdentifier>
    </Filter>
    <Filter Include="RenderManager\ResourceManager">
      <UniqueIdentifier>{edfa2869-a3eb-44ed-aa5a-42c50c1b5130}</UniqueIdentifier>
    </Filter>
    <Filter Include="RenderManager\ShaderManager">
      <UniqueIdentifier>{dd50c0bc-cc2d-4132-b090-8518f766e816}</UniqueIdentifier>
    </Filter>
    <Filter Include="RenderManager\PSOManager">
      <UniqueIdentifier>{bb96ba69-f8e5-4ade-891c-567bc937a160}</UniqueIdentifier>
    </Filter>
    <Filter Include="RenderManager\RootSignatureManager">
      <UniqueIdentifier>{cd09d2e1-6f75-4117-b4f3-5443b13ba06c}</UniqueIdentifier>
    </Filter>
    <Filter Include="Shaders">
      <UniqueIdentifier>{7b34de71-54d8-4b65-a50b-5659902085b2}</UniqueIdentifier>
    </Filter>
  </ItemGroup>
  <ItemGroup>
    <ClInclude Include="pch.h">
      <Filter>pch</Filter>
    </ClInclude>
    <ClInclude Include="DDSTextureLoader12.h">
      <Filter>DirectXTex</Filter>
    </ClInclude>
    <ClInclude Include="BasicMeshObject.h">
      <Filter>RenderObject\BasicMeshObject</Filter>
    </ClInclude>
    <ClInclude Include="SpriteObject.h">
      <Filter>RenderObject\SpriteObject</Filter>
    </ClInclude>
    <ClInclude Include="CommandListPool.h">
      <Filter>RenderManager\CommandListPool</Filter>
    </ClInclude>
    <ClInclude Include="ConstantBufferManager.h">
      <Filter>RenderManager\ConstantBufferManager</Filter>
    </ClInclude>
    <ClInclude Include="D3D12ResourceManager.h">
      <Filter>RenderManager\ResourceManager</Filter>
    </ClInclude>
    <ClInclude Include="DescriptorPool.h">
      <Filter>RenderManager\DescriptorPool</Filter>
    </ClInclude>
    <ClInclude Include="FontManager.h">
      <Filter>RenderManager\FontManager</Filter>
    </ClInclude>
    <ClInclude Include="RenderQueue.h">
      <Filter>RenderManager\RenderQueue</Filter>
    </ClInclude>
    <ClInclude Include="RenderThread.h">
      <Filter>RenderManager\RenderThread</Filter>
    </ClInclude>
    <ClInclude Include="SimpleConstantBufferPool.h">
      <Filter>RenderManager\ConstantBufferPool</Filter>
    </ClInclude>
    <ClInclude Include="SingleDescriptorAllocator.h">
      <Filter>RenderManager\SingleDescriptorAllocator</Filter>
    </ClInclude>
    <ClInclude Include="TextureManager.h">
      <Filter>RenderManager\TextureManager</Filter>
    </ClInclude>
    <ClInclude Include="Renderer_typedef.h">
      <Filter>Common</Filter>
    </ClInclude>
    <ClInclude Include="D3DUtil.h">
      <Filter>Util\D3DUtil</Filter>
    </ClInclude>
    <ClInclude Include="ShaderUtil.h">
      <Filter>Util\ShaderUtil</Filter>
    </ClInclude>
    <ClInclude Include="ShaderManager.h">
      <Filter>RenderManager\ShaderManager</Filter>
    </ClInclude>
    <ClInclude Include="ShaderHandle.h">
      <Filter>RenderManager\ShaderManager</Filter>
    </ClInclude>
    <ClInclude Include="D3D12Renderer.h">
      <Filter>RendererBody</Filter>
    </ClInclude>
    <ClInclude Include="ConstantBuffer.h">
      <Filter>Common</Filter>
    </ClInclude>
    <ClInclude Include="SkyObject.h">
      <Filter>RenderObject\SkyObject</Filter>
    </ClInclude>
    <ClInclude Include="RenderItem.h">
      <Filter>RenderManager\RenderQueue</Filter>
    </ClInclude>
    <ClInclude Include="PSOManager.h">
      <Filter>RenderManager\PSOManager</Filter>
    </ClInclude>
    <ClInclude Include="RootSignatureManager.h">
      <Filter>RenderManager\RootSignatureManager</Filter>
    </ClInclude>
  </ItemGroup>
  <ItemGroup>
    <ClCompile Include="dllmain.cpp">
      <Filter>MainEntry</Filter>
    </ClCompile>
    <ClCompile Include="pch.cpp">
      <Filter>pch</Filter>
    </ClCompile>
    <ClCompile Include="DDSTextureLoader12.cpp">
      <Filter>DirectXTex</Filter>
    </ClCompile>
    <ClCompile Include="BasicMeshObject.cpp">
      <Filter>RenderObject\BasicMeshObject</Filter>
    </ClCompile>
    <ClCompile Include="SpriteObject.cpp">
      <Filter>RenderObject\SpriteObject</Filter>
    </ClCompile>
    <ClCompile Include="CommandListPool.cpp">
      <Filter>RenderManager\CommandListPool</Filter>
    </ClCompile>
    <ClCompile Include="ConstantBufferManager.cpp">
      <Filter>RenderManager\ConstantBufferManager</Filter>
    </ClCompile>
    <ClCompile Include="D3D12ResourceManager.cpp">
      <Filter>RenderManager\ResourceManager</Filter>
    </ClCompile>
    <ClCompile Include="DescriptorPool.cpp">
      <Filter>RenderManager\DescriptorPool</Filter>
    </ClCompile>
    <ClCompile Include="FontManager.cpp">
      <Filter>RenderManager\FontManager</Filter>
    </ClCompile>
    <ClCompile Include="RenderQueue.cpp">
      <Filter>RenderManager\RenderQueue</Filter>
    </ClCompile>
    <ClCompile Include="RenderThread.cpp">
      <Filter>RenderManager\RenderThread</Filter>
    </ClCompile>
    <ClCompile Include="SimpleConstantBufferPool.cpp">
      <Filter>RenderManager\ConstantBufferPool</Filter>
    </ClCompile>
    <ClCompile Include="SingleDescriptorAllocator.cpp">
      <Filter>RenderManager\SingleDescriptorAllocator</Filter>
    </ClCompile>
    <ClCompile Include="TextureManager.cpp">
      <Filter>RenderManager\TextureManager</Filter>
    </ClCompile>
    <ClCompile Include="D3DUtil.cpp">
      <Filter>Util\D3DUtil</Filter>
    </ClCompile>
    <ClCompile Include="ShaderUtil.cpp">
      <Filter>Util\ShaderUtil</Filter>
    </ClCompile>
    <ClCompile Include="ShaderManager.cpp">
      <Filter>RenderManager\ShaderManager</Filter>
    </ClCompile>
    <ClCompile Include="D3D12Renderer.cpp">
      <Filter>RendererBody</Filter>
    </ClCompile>
    <ClCompile Include="SkyObject.cpp">
      <Filter>RenderObject\SkyObject</Filter>
    </ClCompile>
    <ClCompile Include="PSOManager.cpp">
      <Filter>RenderManager\PSOManager</Filter>
    </ClCompile>
    <ClCompile Include="RootSignatureManager.cpp">
      <Filter>RenderManager\RootSignatureManager</Filter>
    </ClCompile>
  </ItemGroup>
  <ItemGroup>
    <None Include="packages.config" />
  </ItemGroup>
  <ItemGroup>
    <CustomBuild Include="..\Shaders\Sprite.hlsl">
      <Filter>Shaders</Filter>
    </CustomBuild>
    <CustomBuild Include="..\Shaders\AtmosphericSky.hlsl">
      <Filter>Shaders</Filter>
    </CustomBuild>
    <CustomBuild Include="..\Shaders\Standard.hlsl">
      <Filter>Shaders</Filter>
    </CustomBuild>
  </ItemGroup>
</Project>